
Microsoft Visual Studio Solution File, Format Version 12.00
# Visual Studio Version 16
VisualStudioVersion = 16.0.31112.23
MinimumVisualStudioVersion = 10.0.40219.1
Project("{FAE04EC0-301F-11D3-BF4B-00C04F79EFBC}") = "Mod1Assignment", "Mod1Assignment\Mod1Assignment.csproj", "{0DF05B54-E7A3-42AB-8D93-57566F2BBDD8}"
EndProject
Global
	GlobalSection(SolutionConfigurationPlatforms) = preSolution
		Debug|Any CPU = Debug|Any CPU
		Release|Any CPU = Release|Any CPU
	EndGlobalSection
	GlobalSection(ProjectConfigurationPlatforms) = postSolution
		{0DF05B54-E7A3-42AB-8D93-57566F2BBDD8}.Debug|Any CPU.ActiveCfg = Debug|Any CPU
		{0DF05B54-E7A3-42AB-8D93-57566F2BBDD8}.Debug|Any CPU.Build.0 = Debug|Any CPU
		{0DF05B54-E7A3-42AB-8D93-57566F2BBDD8}.Release|Any CPU.ActiveCfg = Release|Any CPU
		{0DF05B54-E7A3-42AB-8D93-57566F2BBDD8}.Release|Any CPU.Build.0 = Release|Any CPU
	EndGlobalSection
	GlobalSection(SolutionProperties) = preSolution
		HideSolutionNode = FALSE
	EndGlobalSection
	GlobalSection(ExtensibilityGlobals) = postSolution
		SolutionGuid = {3D8D0446-7F30-4A2C-A2EB-4788DDE459E2}
	EndGlobalSection
EndGlobal
